<Solution>
  <Project Path="MinhasFinancas.Aplicacao/MinhasFinancas.Aplicacao.csproj" />
  <Project Path="MinhasFinancas.ConsoleUI/MinhasFinancas.ConsoleUI.csproj" />
  <Project Path="MinhasFinancas.Dominio/MinhasFinancas.Dominio.csproj" />
  <Project Path="MinhasFinancas.Infraestrutura/MinhasFinancas.Infraestrutura.csproj" />
</Solution>
